
Microsoft Visual Studio Solution File, Format Version 12.00
# Visual Studio Version 16
VisualStudioVersion = 16.0.30309.148
MinimumVisualStudioVersion = 10.0.40219.1
Project("{FAE04EC0-301F-11D3-BF4B-00C04F79EFBC}") = "IdentityServer", "IdentityServer.csproj", "{8331988D-2D16-47F7-A0CF-B9F39D265C57}"
EndProject
Project("{FAE04EC0-301F-11D3-BF4B-00C04F79EFBC}") = "ApiOne", "..\ApiOne\ApiOne.csproj", "{35E0FE1C-CAB5-46C0-87EE-813166136C23}"
EndProject
Project("{FAE04EC0-301F-11D3-BF4B-00C04F79EFBC}") = "ApiTwo", "..\ApiTwo\ApiTwo.csproj", "{56266317-61ED-4090-85F9-40C6EB6FF05E}"
EndProject
Global
	GlobalSection(SolutionConfigurationPlatforms) = preSolution
		Debug|Any CPU = Debug|Any CPU
		Release|Any CPU = Release|Any CPU
	EndGlobalSection
	GlobalSection(ProjectConfigurationPlatforms) = postSolution
		{8331988D-2D16-47F7-A0CF-B9F39D265C57}.Debug|Any CPU.ActiveCfg = Debug|Any CPU
		{8331988D-2D16-47F7-A0CF-B9F39D265C57}.Debug|Any CPU.Build.0 = Debug|Any CPU
		{8331988D-2D16-47F7-A0CF-B9F39D265C57}.Release|Any CPU.ActiveCfg = Release|Any CPU
		{8331988D-2D16-47F7-A0CF-B9F39D265C57}.Release|Any CPU.Build.0 = Release|Any CPU
		{35E0FE1C-CAB5-46C0-87EE-813166136C23}.Debug|Any CPU.ActiveCfg = Debug|Any CPU
		{35E0FE1C-CAB5-46C0-87EE-813166136C23}.Debug|Any CPU.Build.0 = Debug|Any CPU
		{35E0FE1C-CAB5-46C0-87EE-813166136C23}.Release|Any CPU.ActiveCfg = Release|Any CPU
		{35E0FE1C-CAB5-46C0-87EE-813166136C23}.Release|Any CPU.Build.0 = Release|Any CPU
		{56266317-61ED-4090-85F9-40C6EB6FF05E}.Debug|Any CPU.ActiveCfg = Debug|Any CPU
		{56266317-61ED-4090-85F9-40C6EB6FF05E}.Debug|Any CPU.Build.0 = Debug|Any CPU
		{56266317-61ED-4090-85F9-40C6EB6FF05E}.Release|Any CPU.ActiveCfg = Release|Any CPU
		{56266317-61ED-4090-85F9-40C6EB6FF05E}.Release|Any CPU.Build.0 = Release|Any CPU
	EndGlobalSection
	GlobalSection(SolutionProperties) = preSolution
		HideSolutionNode = FALSE
	EndGlobalSection
	GlobalSection(ExtensibilityGlobals) = postSolution
		SolutionGuid = {E6181375-3B89-4ECD-BE5B-5F3A87C370CD}
	EndGlobalSection
EndGlobal
